Microsoft Visual Studio Solution File, Format Version 12.00
# Visual Studio 2012
Project("{FAE04EC0-301F-11D3-BF4B-00C04F79EFBC}") = "StateMachine", "StateMachine.csproj", "{F018CB9C-B57A-4ABD-9BE3-367B5004B0D5}"
EndProject
Global
	GlobalSection(SolutionConfigurationPlatforms) = preSolution
	Debug|Any CPU = Debug|Any CPU
	ExportDebug|Any CPU = ExportDebug|Any CPU
	ExportRelease|Any CPU = ExportRelease|Any CPU
	EndGlobalSection
	GlobalSection(ProjectConfigurationPlatforms) = postSolution
		{F018CB9C-B57A-4ABD-9BE3-367B5004B0D5}.Debug|Any CPU.ActiveCfg = Debug|Any CPU
		{F018CB9C-B57A-4ABD-9BE3-367B5004B0D5}.Debug|Any CPU.Build.0 = Debug|Any CPU
		{F018CB9C-B57A-4ABD-9BE3-367B5004B0D5}.ExportDebug|Any CPU.ActiveCfg = ExportDebug|Any CPU
		{F018CB9C-B57A-4ABD-9BE3-367B5004B0D5}.ExportDebug|Any CPU.Build.0 = ExportDebug|Any CPU
		{F018CB9C-B57A-4ABD-9BE3-367B5004B0D5}.ExportRelease|Any CPU.ActiveCfg = ExportRelease|Any CPU
		{F018CB9C-B57A-4ABD-9BE3-367B5004B0D5}.ExportRelease|Any CPU.Build.0 = ExportRelease|Any CPU
	EndGlobalSection
EndGlobal
